{
  "name": "agent-stopping-lab-offline-tests",
  "lockfileVersion": 3,
  "requires": true,
  "packages": {
    "": {
      "name": "agent-stopping-lab-offline-tests",
      "devDependencies": {
        "undici": "8.10.2"
      },
      "engines": {
        "node": ">=24.16.0 <25 || >=26.1.0"
      }
    },
    "node_modules/undici": {
      "version": "8.10.2",
      "resolved": "https://registry.npmjs.org/undici/-/undici-8.10.2.tgz",
      "integrity": "sha512-/y4/bH9YNU5hi9NIrpOuvGXFcxrj3CMrV+/AYpowAYTpHn8gX/XPFjNy766FPoYY0miQhdW977JFWKGNhBdwyQ==",
      "dev": true,
      "license": "MIT",
      "engines": {
        "node": ">=22.19.0"
      }
    }
  }
}
